PODS:
  - libmemcached (0.1.1)
  - Nimble (3.0.0)
  - Quick (0.8.0)

DEPENDENCIES:
  - libmemcached (from `https://github.com/sora0077/libmemcached.git`)
  - Nimble
  - Quick

EXTERNAL SOURCES:
  libmemcached:
    :git: https://github.com/sora0077/libmemcached.git

CHECKOUT OPTIONS:
  libmemcached:
    :commit: febe295dd512a26eab13ac64a7e05397a34eb3c8
    :git: https://github.com/sora0077/libmemcached.git

SPEC CHECKSUMS:
  libmemcached: 980930d382572607c5ca794747f3e8581bff0824
  Nimble: 4c353d43735b38b545cbb4cb91504588eb5de926
  Quick: 563d0f6ec5f72e394645adb377708639b7dd38ab

COCOAPODS: 0.39.0
