PODS:
  - CMemcached (0.2.0)
  - Nimble (3.0.0)
  - Quick (0.8.0)

DEPENDENCIES:
  - CMemcached (from `https://github.com/sora0077/libmemcached.git`)
  - Nimble
  - Quick

EXTERNAL SOURCES:
  CMemcached:
    :git: https://github.com/sora0077/libmemcached.git

CHECKOUT OPTIONS:
  CMemcached:
    :commit: 80bd3e42df09173af1a4bbf15c41af250ed7e20c
    :git: https://github.com/sora0077/libmemcached.git

SPEC CHECKSUMS:
  CMemcached: 9cd0825e03e6655ad9c00eddc906cdb1b255c1a3
  Nimble: 4c353d43735b38b545cbb4cb91504588eb5de926
  Quick: 563d0f6ec5f72e394645adb377708639b7dd38ab

COCOAPODS: 0.39.0
